# THIS IS AN AUTOGENERATED FILE. DO NOT EDIT THIS FILE DIRECTLY.
# yarn lockfile v1


"@csstools/cascade-layer-name-parser@^2.0.5":
  version "2.0.5"
  resolved "https://registry.npmjs.org/@csstools/cascade-layer-name-parser/-/cascade-layer-name-parser-2.0.5.tgz"
  integrity sha512-p1ko5eHgV+MgXFVa4STPKpvPxr6ReS8oS2jzTukjR74i5zJNyWO1ZM1m8YKBXnzDKWfBN1ztLYlHxbVemDD88A==

"@csstools/color-helpers@^5.1.0":
  version "5.1.0"
  resolved "https://registry.npmjs.org/@csstools/color-helpers/-/color-helpers-5.1.0.tgz"
  integrity sha512-S11EXWJyy0Mz5SYvRmY8nJYTFFd1LCNV+7cXyAgQtOOuzb4EsgfqDufL+9esx72/eLhsRdGZwaldu/h+E4t4BA==

"@csstools/css-calc@^2.1.4":
  version "2.1.4"
  resolved "https://registry.npmjs.org/@csstools/css-calc/-/css-calc-2.1.4.tgz"
  integrity sha512-3N8oaj+0juUw/1H3YwmDDJXCgTB1gKU6Hc/bB502u9zR0q2vd786XJH9QfrKIEgFlZmhZiq6epXl4rHqhzsIgQ==

"@csstools/css-color-parser@^3.1.0":
  version "3.1.0"
  resolved "https://registry.npmjs.org/@csstools/css-color-parser/-/css-color-parser-3.1.0.tgz"
  integrity sha512-nbtKwh3a6xNVIp/VRuXV64yTKnb1IjTAEEh3irzS+HkKjAOYLTGNb9pmVNntZ8iVBHcWDA2Dof0QtPgFI1BaTA==
  dependencies:
    "@csstools/color-helpers" "^5.1.0"
    "@csstools/css-calc" "^2.1.4"

"@csstools/css-parser-algorithms@^3.0.5":
  version "3.0.5"
  resolved "https://registry.npmjs.org/@csstools/css-parser-algorithms/-/css-parser-algorithms-3.0.5.tgz"
  integrity sha512-DaDeUkXZKjdGhgYaHNJTV9pV7Y9B3b644jCLs9Upc3VeNGg6LWARAT6O+Q+/COo+2gg/bM5rhpMAtf70WqfBdQ==

"@csstools/css-tokenizer@^3.0.4":
  version "3.0.4"
  resolved "https://registry.npmjs.org/@csstools/css-tokenizer/-/css-tokenizer-3.0.4.tgz"
  integrity sha512-Vd/9EVDiu6PPJt9yAh6roZP6El1xHrdvIVGjyBsHR0RYwNHgL7FJPyIIW4fANJNG6FtyZfvlRPpFI4ZM/lubvw==

"@csstools/media-query-list-parser@^4.0.3":
  version "4.0.3"
  resolved "https://registry.npmjs.org/@csstools/media-query-list-parser/-/media-query-list-parser-4.0.3.tgz"
  integrity sha512-HAYH7d3TLRHDOUQK4mZKf9k9Ph/m8Akstg66ywKR4SFAigjs3yBiUeZtFxywiTm5moZMAp/5W/ZuFnNXXYLuuQ==

"@csstools/postcss-alpha-function@^1.0.1":
  version "1.0.1"
  resolved "https://registry.npmjs.org/@csstools/postcss-alpha-function/-/postcss-alpha-function-1.0.1.tgz"
  integrity sha512-isfLLwksH3yHkFXfCI2Gcaqg7wGGHZZwunoJzEZk0yKYIokgre6hYVFibKL3SYAoR1kBXova8LB+JoO5vZzi9w==
  dependencies:
    "@csstools/css-color-parser" "^3.1.0"
    "@csstools/css-parser-algorithms" "^3.0.5"
    "@csstools/css-tokenizer" "^3.0.4"
    "@csstools/postcss-progressive-custom-properties" "^4.2.1"
    "@csstools/utilities" "^2.0.0"

"@csstools/postcss-cascade-layers@^5.0.2":
  version "5.0.2"
  resolved "https://registry.npmjs.org/@csstools/postcss-cascade-layers/-/postcss-cascade-layers-5.0.2.tgz"
  integrity sha512-nWBE08nhO8uWl6kSAeCx4im7QfVko3zLrtgWZY4/bP87zrSPpSyN/3W3TDqz1jJuH+kbKOHXg5rJnK+ZVYcFFg==
  dependencies:
    "@csstools/selector-specificity" "^5.0.0"
    postcss-selector-parser "^7.0.0"

"@csstools/postcss-color-function-display-p3-linear@^1.0.1":
  version "1.0.1"
  resolved "https://registry.npmjs.org/@csstools/postcss-color-function-display-p3-linear/-/postcss-color-function-display-p3-linear-1.0.1.tgz"
  integrity sha512-E5qusdzhlmO1TztYzDIi8XPdPoYOjoTY6HBYBCYSj+Gn4gQRBlvjgPQXzfzuPQqt8EhkC/SzPKObg4Mbn8/xMg==
  dependencies:
    "@csstools/css-color-parser" "^3.1.0"
    "@csstools/css-parser-algorithms" "^3.0.5"
    "@csstools/css-tokenizer" "^3.0.4"
    "@csstools/postcss-progressive-custom-properties" "^4.2.1"
    "@csstools/utilities" "^2.0.0"

"@csstools/postcss-color-function@^4.0.12":
  version "4.0.12"
  resolved "https://registry.npmjs.org/@csstools/postcss-color-function/-/postcss-color-function-4.0.12.tgz"
  integrity sha512-yx3cljQKRaSBc2hfh8rMZFZzChaFgwmO2JfFgFr1vMcF3C/uyy5I4RFIBOIWGq1D+XbKCG789CGkG6zzkLpagA==
  dependencies:
    "@csstools/css-color-parser" "^3.1.0"
    "@csstools/css-parser-algorithms" "^3.0.5"
    "@csstools/css-tokenizer" "^3.0.4"
    "@csstools/postcss-progressive-custom-properties" "^4.2.1"
    "@csstools/utilities" "^2.0.0"

"@csstools/postcss-color-mix-function@^3.0.12":
  version "3.0.12"
  resolved "https://registry.npmjs.org/@csstools/postcss-color-mix-function/-/postcss-color-mix-function-3.0.12.tgz"
  integrity sha512-4STERZfCP5Jcs13P1U5pTvI9SkgLgfMUMhdXW8IlJWkzOOOqhZIjcNhWtNJZes2nkBDsIKJ0CJtFtuaZ00moag==
  dependencies:
    "@csstools/css-color-parser" "^3.1.0"
    "@csstools/css-parser-algorithms" "^3.0.5"
    "@csstools/css-tokenizer" "^3.0.4"
    "@csstools/postcss-progressive-custom-properties" "^4.2.1"
    "@csstools/utilities" "^2.0.0"

"@csstools/postcss-color-mix-variadic-function-arguments@^1.0.2":
  version "1.0.2"
  resolved "https://registry.npmjs.org/@csstools/postcss-color-mix-variadic-function-arguments/-/postcss-color-mix-variadic-function-arguments-1.0.2.tgz"
  integrity sha512-rM67Gp9lRAkTo+X31DUqMEq+iK+EFqsidfecmhrteErxJZb6tUoJBVQca1Vn1GpDql1s1rD1pKcuYzMsg7Z1KQ==
  dependencies:
    "@csstools/css-color-parser" "^3.1.0"
    "@csstools/css-parser-algorithms" "^3.0.5"
    "@csstools/css-tokenizer" "^3.0.4"
    "@csstools/postcss-progressive-custom-properties" "^4.2.1"
    "@csstools/utilities" "^2.0.0"

"@csstools/postcss-content-alt-text@^2.0.8":
  version "2.0.8"
  resolved "https://registry.npmjs.org/@csstools/postcss-content-alt-text/-/postcss-content-alt-text-2.0.8.tgz"
  integrity sha512-9SfEW9QCxEpTlNMnpSqFaHyzsiRpZ5J5+KqCu1u5/eEJAWsMhzT40qf0FIbeeglEvrGRMdDzAxMIz3wqoGSb+Q==
  dependencies:
    "@csstools/css-parser-algorithms" "^3.0.5"
    "@csstools/css-tokenizer" "^3.0.4"
    "@csstools/postcss-progressive-custom-properties" "^4.2.1"
    "@csstools/utilities" "^2.0.0"

"@csstools/postcss-contrast-color-function@^2.0.12":
  version "2.0.12"
  resolved "https://registry.npmjs.org/@csstools/postcss-contrast-color-function/-/postcss-contrast-color-function-2.0.12.tgz"
  integrity sha512-YbwWckjK3qwKjeYz/CijgcS7WDUCtKTd8ShLztm3/i5dhh4NaqzsbYnhm4bjrpFpnLZ31jVcbK8YL77z3GBPzA==
  dependencies:
    "@csstools/css-color-parser" "^3.1.0"
    "@csstools/css-parser-algorithms" "^3.0.5"
    "@csstools/css-tokenizer" "^3.0.4"
    "@csstools/postcss-progressive-custom-properties" "^4.2.1"
    "@csstools/utilities" "^2.0.0"

"@csstools/postcss-exponential-functions@^2.0.9":
  version "2.0.9"
  resolved "https://registry.npmjs.org/@csstools/postcss-exponential-functions/-/postcss-exponential-functions-2.0.9.tgz"
  integrity sha512-abg2W/PI3HXwS/CZshSa79kNWNZHdJPMBXeZNyPQFbbj8sKO3jXxOt/wF7juJVjyDTc6JrvaUZYFcSBZBhaxjw==
  dependencies:
    "@csstools/css-calc" "^2.1.4"
    "@csstools/css-parser-algorithms" "^3.0.5"
    "@csstools/css-tokenizer" "^3.0.4"

"@csstools/postcss-font-format-keywords@^4.0.0":
  version "4.0.0"
  resolved "https://registry.npmjs.org/@csstools/postcss-font-format-keywords/-/postcss-font-format-keywords-4.0.0.tgz"
  integrity sha512-usBzw9aCRDvchpok6C+4TXC57btc4bJtmKQWOHQxOVKen1ZfVqBUuCZ/wuqdX5GHsD0NRSr9XTP+5ID1ZZQBXw==
  dependencies:
    "@csstools/utilities" "^2.0.0"
    postcss-value-parser "^4.2.0"

"@csstools/postcss-gamut-mapping@^2.0.11":
  version "2.0.11"
  resolved "https://registry.npmjs.org/@csstools/postcss-gamut-mapping/-/postcss-gamut-mapping-2.0.11.tgz"
  integrity sha512-fCpCUgZNE2piVJKC76zFsgVW1apF6dpYsqGyH8SIeCcM4pTEsRTWTLCaJIMKFEundsCKwY1rwfhtrio04RJ4Dw==
  dependencies:
    "@csstools/css-color-parser" "^3.1.0"
    "@csstools/css-parser-algorithms" "^3.0.5"
    "@csstools/css-tokenizer" "^3.0.4"

"@csstools/postcss-gradients-interpolation-method@^5.0.12":
  version "5.0.12"
  resolved "https://registry.npmjs.org/@csstools/postcss-gradients-interpolation-method/-/postcss-gradients-interpolation-method-5.0.12.tgz"
  integrity sha512-jugzjwkUY0wtNrZlFeyXzimUL3hN4xMvoPnIXxoZqxDvjZRiSh+itgHcVUWzJ2VwD/VAMEgCLvtaJHX+4Vj3Ow==
  dependencies:
    "@csstools/css-color-parser" "^3.1.0"
    "@csstools/css-parser-algorithms" "^3.0.5"
    "@csstools/css-tokenizer" "^3.0.4"
    "@csstools/postcss-progressive-custom-properties" "^4.2.1"
    "@csstools/utilities" "^2.0.0"

"@csstools/postcss-hwb-function@^4.0.12":
  version "4.0.12"
  resolved "https://registry.npmjs.org/@csstools/postcss-hwb-function/-/postcss-hwb-function-4.0.12.tgz"
  integrity sha512-mL/+88Z53KrE4JdePYFJAQWFrcADEqsLprExCM04GDNgHIztwFzj0Mbhd/yxMBngq0NIlz58VVxjt5abNs1VhA==
  dependencies:
    "@csstools/css-color-parser" "^3.1.0"
    "@csstools/css-parser-algorithms" "^3.0.5"
    "@csstools/css-tokenizer" "^3.0.4"
    "@csstools/postcss-progressive-custom-properties" "^4.2.1"
    "@csstools/utilities" "^2.0.0"

"@csstools/postcss-ic-unit@^4.0.4":
  version "4.0.4"
  resolved "https://registry.npmjs.org/@csstools/postcss-ic-unit/-/postcss-ic-unit-4.0.4.tgz"
  integrity sha512-yQ4VmossuOAql65sCPppVO1yfb7hDscf4GseF0VCA/DTDaBc0Wtf8MTqVPfjGYlT5+2buokG0Gp7y0atYZpwjg==
  dependencies:
    "@csstools/postcss-progressive-custom-properties" "^4.2.1"
    "@csstools/utilities" "^2.0.0"
    postcss-value-parser "^4.2.0"

"@csstools/postcss-initial@^2.0.1":
  version "2.0.1"
  resolved "https://registry.npmjs.org/@csstools/postcss-initial/-/postcss-initial-2.0.1.tgz"
  integrity sha512-L1wLVMSAZ4wovznquK0xmC7QSctzO4D0Is590bxpGqhqjboLXYA16dWZpfwImkdOgACdQ9PqXsuRroW6qPlEsg==

"@csstools/postcss-is-pseudo-class@^5.0.3":
  version "5.0.3"
  resolved "https://registry.npmjs.org/@csstools/postcss-is-pseudo-class/-/postcss-is-pseudo-class-5.0.3.tgz"
  integrity sha512-jS/TY4SpG4gszAtIg7Qnf3AS2pjcUM5SzxpApOrlndMeGhIbaTzWBzzP/IApXoNWEW7OhcjkRT48jnAUIFXhAQ==
  dependencies:
    "@csstools/selector-specificity" "^5.0.0"
    postcss-selector-parser "^7.0.0"

"@csstools/postcss-light-dark-function@^2.0.11":
  version "2.0.11"
  resolved "https://registry.npmjs.org/@csstools/postcss-light-dark-function/-/postcss-light-dark-function-2.0.11.tgz"
  integrity sha512-fNJcKXJdPM3Lyrbmgw2OBbaioU7yuKZtiXClf4sGdQttitijYlZMD5K7HrC/eF83VRWRrYq6OZ0Lx92leV2LFA==
  dependencies:
    "@csstools/css-parser-algorithms" "^3.0.5"
    "@csstools/css-tokenizer" "^3.0.4"
    "@csstools/postcss-progressive-custom-properties" "^4.2.1"
    "@csstools/utilities" "^2.0.0"

"@csstools/postcss-logical-float-and-clear@^3.0.0":
  version "3.0.0"
  resolved "https://registry.npmjs.org/@csstools/postcss-logical-float-and-clear/-/postcss-logical-float-and-clear-3.0.0.tgz"
  integrity sha512-SEmaHMszwakI2rqKRJgE+8rpotFfne1ZS6bZqBoQIicFyV+xT1UF42eORPxJkVJVrH9C0ctUgwMSn3BLOIZldQ==

"@csstools/postcss-logical-overflow@^2.0.0":
  version "2.0.0"
  resolved "https://registry.npmjs.org/@csstools/postcss-logical-overflow/-/postcss-logical-overflow-2.0.0.tgz"
  integrity sha512-spzR1MInxPuXKEX2csMamshR4LRaSZ3UXVaRGjeQxl70ySxOhMpP2252RAFsg8QyyBXBzuVOOdx1+bVO5bPIzA==

"@csstools/postcss-logical-overscroll-behavior@^2.0.0":
  version "2.0.0"
  resolved "https://registry.npmjs.org/@csstools/postcss-logical-overscroll-behavior/-/postcss-logical-overscroll-behavior-2.0.0.tgz"
  integrity sha512-e/webMjoGOSYfqLunyzByZj5KKe5oyVg/YSbie99VEaSDE2kimFm0q1f6t/6Jo+VVCQ/jbe2Xy+uX+C4xzWs4w==

"@csstools/postcss-logical-resize@^3.0.0":
  version "3.0.0"
  resolved "https://registry.npmjs.org/@csstools/postcss-logical-resize/-/postcss-logical-resize-3.0.0.tgz"
  integrity sha512-DFbHQOFW/+I+MY4Ycd/QN6Dg4Hcbb50elIJCfnwkRTCX05G11SwViI5BbBlg9iHRl4ytB7pmY5ieAFk3ws7yyg==
  dependencies:
    postcss-value-parser "^4.2.0"

"@csstools/postcss-logical-viewport-units@^3.0.4":
  version "3.0.4"
  resolved "https://registry.npmjs.org/@csstools/postcss-logical-viewport-units/-/postcss-logical-viewport-units-3.0.4.tgz"
  integrity sha512-q+eHV1haXA4w9xBwZLKjVKAWn3W2CMqmpNpZUk5kRprvSiBEGMgrNH3/sJZ8UA3JgyHaOt3jwT9uFa4wLX4EqQ==
  dependencies:
    "@csstools/css-tokenizer" "^3.0.4"
    "@csstools/utilities" "^2.0.0"

"@csstools/postcss-media-minmax@^2.0.9":
  version "2.0.9"
  resolved "https://registry.npmjs.org/@csstools/postcss-media-minmax/-/postcss-media-minmax-2.0.9.tgz"
  integrity sha512-af9Qw3uS3JhYLnCbqtZ9crTvvkR+0Se+bBqSr7ykAnl9yKhk6895z9rf+2F4dClIDJWxgn0iZZ1PSdkhrbs2ig==
  dependencies:
    "@csstools/css-calc" "^2.1.4"
    "@csstools/css-parser-algorithms" "^3.0.5"
    "@csstools/css-tokenizer" "^3.0.4"
    "@csstools/media-query-list-parser" "^4.0.3"

"@csstools/postcss-media-queries-aspect-ratio-number-values@^3.0.5":
  version "3.0.5"
  resolved "https://registry.npmjs.org/@csstools/postcss-media-queries-aspect-ratio-number-values/-/postcss-media-queries-aspect-ratio-number-values-3.0.5.tgz"
  integrity sha512-zhAe31xaaXOY2Px8IYfoVTB3wglbJUVigGphFLj6exb7cjZRH9A6adyE22XfFK3P2PzwRk0VDeTJmaxpluyrDg==
  dependencies:
    "@csstools/css-parser-algorithms" "^3.0.5"
    "@csstools/css-tokenizer" "^3.0.4"
    "@csstools/media-query-list-parser" "^4.0.3"

"@csstools/postcss-nested-calc@^4.0.0":
  version "4.0.0"
  resolved "https://registry.npmjs.org/@csstools/postcss-nested-calc/-/postcss-nested-calc-4.0.0.tgz"
  integrity sha512-jMYDdqrQQxE7k9+KjstC3NbsmC063n1FTPLCgCRS2/qHUbHM0mNy9pIn4QIiQGs9I/Bg98vMqw7mJXBxa0N88A==
  dependencies:
    "@csstools/utilities" "^2.0.0"
    postcss-value-parser "^4.2.0"

"@csstools/postcss-normalize-display-values@^4.0.1":
  version "4.0.1"
  resolved "https://registry.npmjs.org/@csstools/postcss-normalize-display-values/-/postcss-normalize-display-values-4.0.1.tgz"
  integrity sha512-TQUGBuRvxdc7TgNSTevYqrL8oItxiwPDixk20qCB5me/W8uF7BPbhRrAvFuhEoywQp/woRsUZ6SJ+sU5idZAIA==
  dependencies:
    postcss-value-parser "^4.2.0"

"@csstools/postcss-oklab-function@^4.0.12":
  version "4.0.12"
  resolved "https://registry.npmjs.org/@csstools/postcss-oklab-function/-/postcss-oklab-function-4.0.12.tgz"
  integrity sha512-HhlSmnE1NKBhXsTnNGjxvhryKtO7tJd1w42DKOGFD6jSHtYOrsJTQDKPMwvOfrzUAk8t7GcpIfRyM7ssqHpFjg==
  dependencies:
    "@csstools/css-color-parser" "^3.1.0"
    "@csstools/css-parser-algorithms" "^3.0.5"
    "@csstools/css-tokenizer" "^3.0.4"
    "@csstools/postcss-progressive-custom-properties" "^4.2.1"
    "@csstools/utilities" "^2.0.0"

"@csstools/postcss-position-area-property@^1.0.0":
  version "1.0.0"
  resolved "https://registry.npmjs.org/@csstools/postcss-position-area-property/-/postcss-position-area-property-1.0.0.tgz"
  integrity sha512-fUP6KR8qV2NuUZV3Cw8itx0Ep90aRjAZxAEzC3vrl6yjFv+pFsQbR18UuQctEKmA72K9O27CoYiKEgXxkqjg8Q==

"@csstools/postcss-progressive-custom-properties@^4.2.1":
  version "4.2.1"
  resolved "https://registry.npmjs.org/@csstools/postcss-progressive-custom-properties/-/postcss-progressive-custom-properties-4.2.1.tgz"
  integrity sha512-uPiiXf7IEKtUQXsxu6uWtOlRMXd2QWWy5fhxHDnPdXKCQckPP3E34ZgDoZ62r2iT+UOgWsSbM4NvHE5m3mAEdw==
  dependencies:
    postcss-value-parser "^4.2.0"

"@csstools/postcss-property-rule-prelude-list@^1.0.0":
  version "1.0.0"
  resolved "https://registry.npmjs.org/@csstools/postcss-property-rule-prelude-list/-/postcss-property-rule-prelude-list-1.0.0.tgz"
  integrity sha512-IxuQjUXq19fobgmSSvUDO7fVwijDJaZMvWQugxfEUxmjBeDCVaDuMpsZ31MsTm5xbnhA+ElDi0+rQ7sQQGisFA==
  dependencies:
    "@csstools/css-parser-algorithms" "^3.0.5"
    "@csstools/css-tokenizer" "^3.0.4"

"@csstools/postcss-random-function@^2.0.1":
  version "2.0.1"
  resolved "https://registry.npmjs.org/@csstools/postcss-random-function/-/postcss-random-function-2.0.1.tgz"
  integrity sha512-q+FQaNiRBhnoSNo+GzqGOIBKoHQ43lYz0ICrV+UudfWnEF6ksS6DsBIJSISKQT2Bvu3g4k6r7t0zYrk5pDlo8w==
  dependencies:
    "@csstools/css-calc" "^2.1.4"
    "@csstools/css-parser-algorithms" "^3.0.5"
    "@csstools/css-tokenizer" "^3.0.4"

"@csstools/postcss-relative-color-syntax@^3.0.12":
  version "3.0.12"
  resolved "https://registry.npmjs.org/@csstools/postcss-relative-color-syntax/-/postcss-relative-color-syntax-3.0.12.tgz"
  integrity sha512-0RLIeONxu/mtxRtf3o41Lq2ghLimw0w9ByLWnnEVuy89exmEEq8bynveBxNW3nyHqLAFEeNtVEmC1QK9MZ8Huw==
  dependencies:
    "@csstools/css-color-parser" "^3.1.0"
    "@csstools/css-parser-algorithms" "^3.0.5"
    "@csstools/css-tokenizer" "^3.0.4"
    "@csstools/postcss-progressive-custom-properties" "^4.2.1"
    "@csstools/utilities" "^2.0.0"

"@csstools/postcss-scope-pseudo-class@^4.0.1":
  version "4.0.1"
  resolved "https://registry.npmjs.org/@csstools/postcss-scope-pseudo-class/-/postcss-scope-pseudo-class-4.0.1.tgz"
  integrity sha512-IMi9FwtH6LMNuLea1bjVMQAsUhFxJnyLSgOp/cpv5hrzWmrUYU5fm0EguNDIIOHUqzXode8F/1qkC/tEo/qN8Q==
  dependencies:
    postcss-selector-parser "^7.0.0"

"@csstools/postcss-sign-functions@^1.1.4":
  version "1.1.4"
  resolved "https://registry.npmjs.org/@csstools/postcss-sign-functions/-/postcss-sign-functions-1.1.4.tgz"
  integrity sha512-P97h1XqRPcfcJndFdG95Gv/6ZzxUBBISem0IDqPZ7WMvc/wlO+yU0c5D/OCpZ5TJoTt63Ok3knGk64N+o6L2Pg==
  dependencies:
    "@csstools/css-calc" "^2.1.4"
    "@csstools/css-parser-algorithms" "^3.0.5"
    "@csstools/css-tokenizer" "^3.0.4"

"@csstools/postcss-stepped-value-functions@^4.0.9":
  version "4.0.9"
  resolved "https://registry.npmjs.org/@csstools/postcss-stepped-value-functions/-/postcss-stepped-value-functions-4.0.9.tgz"
  integrity sha512-h9btycWrsex4dNLeQfyU3y3w40LMQooJWFMm/SK9lrKguHDcFl4VMkncKKoXi2z5rM9YGWbUQABI8BT2UydIcA==
  dependencies:
    "@csstools/css-calc" "^2.1.4"
    "@csstools/css-parser-algorithms" "^3.0.5"
    "@csstools/css-tokenizer" "^3.0.4"

"@csstools/postcss-syntax-descriptor-syntax-production@^1.0.1":
  version "1.0.1"
  resolved "https://registry.npmjs.org/@csstools/postcss-syntax-descriptor-syntax-production/-/postcss-syntax-descriptor-syntax-production-1.0.1.tgz"
  integrity sha512-GneqQWefjM//f4hJ/Kbox0C6f2T7+pi4/fqTqOFGTL3EjnvOReTqO1qUQ30CaUjkwjYq9qZ41hzarrAxCc4gow==
  dependencies:
    "@csstools/css-tokenizer" "^3.0.4"

"@csstools/postcss-system-ui-font-family@^1.0.0":
  version "1.0.0"
  resolved "https://registry.npmjs.org/@csstools/postcss-system-ui-font-family/-/postcss-system-ui-font-family-1.0.0.tgz"
  integrity sha512-s3xdBvfWYfoPSBsikDXbuorcMG1nN1M6GdU0qBsGfcmNR0A/qhloQZpTxjA3Xsyrk1VJvwb2pOfiOT3at/DuIQ==
  dependencies:
    "@csstools/css-parser-algorithms" "^3.0.5"
    "@csstools/css-tokenizer" "^3.0.4"

"@csstools/postcss-text-decoration-shorthand@^4.0.3":
  version "4.0.3"
  resolved "https://registry.npmjs.org/@csstools/postcss-text-decoration-shorthand/-/postcss-text-decoration-shorthand-4.0.3.tgz"
  integrity sha512-KSkGgZfx0kQjRIYnpsD7X2Om9BUXX/Kii77VBifQW9Ih929hK0KNjVngHDH0bFB9GmfWcR9vJYJJRvw/NQjkrA==
  dependencies:
    "@csstools/color-helpers" "^5.1.0"
    postcss-value-parser "^4.2.0"

"@csstools/postcss-trigonometric-functions@^4.0.9":
  version "4.0.9"
  resolved "https://registry.npmjs.org/@csstools/postcss-trigonometric-functions/-/postcss-trigonometric-functions-4.0.9.tgz"
  integrity sha512-Hnh5zJUdpNrJqK9v1/E3BbrQhaDTj5YiX7P61TOvUhoDHnUmsNNxcDAgkQ32RrcWx9GVUvfUNPcUkn8R3vIX6A==
  dependencies:
    "@csstools/css-calc" "^2.1.4"
    "@csstools/css-parser-algorithms" "^3.0.5"
    "@csstools/css-tokenizer" "^3.0.4"

"@csstools/postcss-unset-value@^4.0.0":
  version "4.0.0"
  resolved "https://registry.npmjs.org/@csstools/postcss-unset-value/-/postcss-unset-value-4.0.0.tgz"
  integrity sha512-cBz3tOCI5Fw6NIFEwU3RiwK6mn3nKegjpJuzCndoGq3BZPkUjnsq7uQmIeMNeMbMk7YD2MfKcgCpZwX5jyXqCA==

"@csstools/selector-resolve-nested@^3.1.0":
  version "3.1.0"
  resolved "https://registry.npmjs.org/@csstools/selector-resolve-nested/-/selector-resolve-nested-3.1.0.tgz"
  integrity sha512-mf1LEW0tJLKfWyvn5KdDrhpxHyuxpbNwTIwOYLIvsTffeyOf85j5oIzfG0yosxDgx/sswlqBnESYUcQH0vgZ0g==

"@csstools/selector-specificity@^5.0.0":
  version "5.0.0"
  resolved "https://registry.npmjs.org/@csstools/selector-specificity/-/selector-specificity-5.0.0.tgz"
  integrity sha512-PCqQV3c4CoVm3kdPhyeZ07VmBRdH2EpMFA/pd9OASpOEC3aXNGoqPDAZ80D0cLpMBxnmk0+yNhGsEx31hq7Gtw==

"@csstools/utilities@^2.0.0":
  version "2.0.0"
  resolved "https://registry.npmjs.org/@csstools/utilities/-/utilities-2.0.0.tgz"
  integrity sha512-5VdOr0Z71u+Yp3ozOx8T11N703wIFGVRgOWbOZMKgglPJsWA54MRIoMNVMa7shUToIhx5J8vX4sOZgD2XiihiQ==

"@esbuild/darwin-arm64@0.25.12":
  version "0.25.12"
  resolved "https://registry.npmjs.org/@esbuild/darwin-arm64/-/darwin-arm64-0.25.12.tgz"
  integrity sha512-N3zl+lxHCifgIlcMUP5016ESkeQjLj/959RxxNYIthIg+CQHInujFuXeWbWMgnTo4cp5XVHqFPmpyu9J65C1Yg==

autoprefixer@^10.4.23:
  version "10.5.0"
  resolved "https://registry.npmjs.org/autoprefixer/-/autoprefixer-10.5.0.tgz"
  integrity sha512-FMhOoZV4+qR6aTUALKX2rEqGG+oyATvwBt9IIzVR5rMa2HRWPkxf+P+PAJLD1I/H5/II+HuZcBJYEFBpq39ong==
  dependencies:
    browserslist "^4.28.2"
    caniuse-lite "^1.0.30001787"
    fraction.js "^5.3.4"
    picocolors "^1.1.1"
    postcss-value-parser "^4.2.0"

baseline-browser-mapping@^2.10.38:
  version "2.10.38"
  resolved "https://registry.npmjs.org/baseline-browser-mapping/-/baseline-browser-mapping-2.10.38.tgz"
  integrity sha512-31/02mVB4yuQU6adKk5SlY6m+mxDwUq5KZkyYgnLrrKl7TEm1+3PyDtDBz2kOv/wxZz41GHsvV1A/u6RmiyBvw==

browserslist@^4.28.1, browserslist@^4.28.2, "browserslist@>= 4.21.0":
  version "4.28.4"
  resolved "https://registry.npmjs.org/browserslist/-/browserslist-4.28.4.tgz"
  integrity sha512-MTc8i/x9jBQd1iMw2CFGS+rwMa07eYjLR0CCTLDACl9xhxy+nIs3KeML/biicXtk9JrZ6dnnTatmc7ErPXIxqw==
  dependencies:
    baseline-browser-mapping "^2.10.38"
    caniuse-lite "^1.0.30001799"
    electron-to-chromium "^1.5.376"
    node-releases "^2.0.48"
    update-browserslist-db "^1.2.3"

caniuse-lite@^1.0.30001787, caniuse-lite@^1.0.30001799:
  version "1.0.30001799"
  resolved "https://registry.npmjs.org/caniuse-lite/-/caniuse-lite-1.0.30001799.tgz"
  integrity sha512-hG1bReV+OUU+MOqK4t/ZWI0tZOyz3rqS9XuhOUz1cIcbwBKjOyJEJuw9ER5JuNyqxNk8u/JUVbGibBOL1yrjFw==

css-blank-pseudo@^7.0.1:
  version "7.0.1"
  resolved "https://registry.npmjs.org/css-blank-pseudo/-/css-blank-pseudo-7.0.1.tgz"
  integrity sha512-jf+twWGDf6LDoXDUode+nc7ZlrqfaNphrBIBrcmeP3D8yw1uPaix1gCC8LUQUGQ6CycuK2opkbFFWFuq/a94ag==
  dependencies:
    postcss-selector-parser "^7.0.0"

css-has-pseudo@^7.0.3:
  version "7.0.3"
  resolved "https://registry.npmjs.org/css-has-pseudo/-/css-has-pseudo-7.0.3.tgz"
  integrity sha512-oG+vKuGyqe/xvEMoxAQrhi7uY16deJR3i7wwhBerVrGQKSqUC5GiOVxTpM9F9B9hw0J+eKeOWLH7E9gZ1Dr5rA==
  dependencies:
    "@csstools/selector-specificity" "^5.0.0"
    postcss-selector-parser "^7.0.0"
    postcss-value-parser "^4.2.0"

css-prefers-color-scheme@^10.0.0:
  version "10.0.0"
  resolved "https://registry.npmjs.org/css-prefers-color-scheme/-/css-prefers-color-scheme-10.0.0.tgz"
  integrity sha512-VCtXZAWivRglTZditUfB4StnsWr6YVZ2PRtuxQLKTNRdtAf8tpzaVPE9zXIF3VaSc7O70iK/j1+NXxyQCqdPjQ==

cssdb@^8.6.0:
  version "8.9.0"
  resolved "https://registry.npmjs.org/cssdb/-/cssdb-8.9.0.tgz"
  integrity sha512-J8jOU/hLjaXcO1LldOLraJSQpfLXRKof0I7mtbRyOy2AAXgqst0x9rlgi2qXeD6d0ou3ZLqcPAMqYVbpCbrxEw==

cssesc@^3.0.0:
  version "3.0.0"
  resolved "https://registry.npmjs.org/cssesc/-/cssesc-3.0.0.tgz"
  integrity sha512-/Tb/JcjK111nNScGob5MNtsntNM1aCNUDipB/TkwZFhyDrrE47SOx/18wF2bbjgc3ZzCSKW1T5nt5EbFoAz/Vg==

electron-to-chromium@^1.5.376:
  version "1.5.377"
  resolved "https://registry.npmjs.org/electron-to-chromium/-/electron-to-chromium-1.5.377.tgz"
  integrity sha512-cH1jZgJHoezfTnKfKwnScpHywTFVnJUNITDPREFdhNjiuD502+QFpG0Qk7G8jhsV/f+CEAFlIrzP1fT+IMb92g==

es-errors@^1.3.0:
  version "1.3.0"
  resolved "https://registry.npmjs.org/es-errors/-/es-errors-1.3.0.tgz"
  integrity sha512-Zf5H2Kxt2xjTvbJvP2ZWLEICxA6j+hAmMzIlypy4xcBg1vKVnx89Wy0GbS+kf5cwCVFFzdCFh2XSCFNULS6csw==

esbuild@^0.25.11:
  version "0.25.12"
  resolved "https://registry.npmjs.org/esbuild/-/esbuild-0.25.12.tgz"
  integrity sha512-bbPBYYrtZbkt6Os6FiTLCTFxvq4tt3JKall1vRwshA3fdVztsLAatFaZobhkBC8/BrPetoa0oksYoKXoG4ryJg==
  optionalDependencies:
    "@esbuild/aix-ppc64" "0.25.12"
    "@esbuild/android-arm" "0.25.12"
    "@esbuild/android-arm64" "0.25.12"
    "@esbuild/android-x64" "0.25.12"
    "@esbuild/darwin-arm64" "0.25.12"
    "@esbuild/darwin-x64" "0.25.12"
    "@esbuild/freebsd-arm64" "0.25.12"
    "@esbuild/freebsd-x64" "0.25.12"
    "@esbuild/linux-arm" "0.25.12"
    "@esbuild/linux-arm64" "0.25.12"
    "@esbuild/linux-ia32" "0.25.12"
    "@esbuild/linux-loong64" "0.25.12"
    "@esbuild/linux-mips64el" "0.25.12"
    "@esbuild/linux-ppc64" "0.25.12"
    "@esbuild/linux-riscv64" "0.25.12"
    "@esbuild/linux-s390x" "0.25.12"
    "@esbuild/linux-x64" "0.25.12"
    "@esbuild/netbsd-arm64" "0.25.12"
    "@esbuild/netbsd-x64" "0.25.12"
    "@esbuild/openbsd-arm64" "0.25.12"
    "@esbuild/openbsd-x64" "0.25.12"
    "@esbuild/openharmony-arm64" "0.25.12"
    "@esbuild/sunos-x64" "0.25.12"
    "@esbuild/win32-arm64" "0.25.12"
    "@esbuild/win32-ia32" "0.25.12"
    "@esbuild/win32-x64" "0.25.12"

escalade@^3.2.0:
  version "3.2.0"
  resolved "https://registry.npmjs.org/escalade/-/escalade-3.2.0.tgz"
  integrity sha512-WUj2qlxaQtO4g6Pq5c29GTcWGDyd8itL8zTlipgECz3JesAiiOKotd8JU6otB3PACgG6xkJUyVhboMS+bje/jA==

fraction.js@^5.3.4:
  version "5.3.4"
  resolved "https://registry.npmjs.org/fraction.js/-/fraction.js-5.3.4.tgz"
  integrity sha512-1X1NTtiJphryn/uLQz3whtY6jK3fTqoE3ohKs0tT+Ujr1W59oopxmoEh7Lu5p6vBaPbgoM0bzveAW4Qi5RyWDQ==

function-bind@^1.1.2:
  version "1.1.2"
  resolved "https://registry.npmjs.org/function-bind/-/function-bind-1.1.2.tgz"
  integrity sha512-7XHNxH7qX9xG5mIwxkhumTox/MIRNcOgDrxWsMt2pAr23WHp6MrRlN7FBSFpCpr+oVO0F744iUgR82nJMfG2SA==

hasown@^2.0.3:
  version "2.0.4"
  resolved "https://registry.npmjs.org/hasown/-/hasown-2.0.4.tgz"
  integrity sha512-T2UbfbBEF32wiepXIsMlTW9+dDYC6wMh/t/vYA4tuOMKqWz/n3vr1NFSxQiyP+zk2mXsoMA/i/7qV6LKut1t1A==
  dependencies:
    function-bind "^1.1.2"

is-core-module@^2.16.1:
  version "2.16.2"
  resolved "https://registry.npmjs.org/is-core-module/-/is-core-module-2.16.2.tgz"
  integrity sha512-evOr8xfXKxE6qSR0hSXL2r3sd7ALj8+7jQEUvPYcm5sgZFdJ+AYzT6yNmJenvIYQBgIGwfwz08sL8zoL7yq2BA==
  dependencies:
    hasown "^2.0.3"

lilconfig@^3.1.1:
  version "3.1.3"
  resolved "https://registry.npmjs.org/lilconfig/-/lilconfig-3.1.3.tgz"
  integrity sha512-/vlFKAoH5Cgt3Ie+JLhRbwOsCQePABiU3tJ1egGvyQ+33R/vcwM2Zl2QR/LzjsBeItPt3oSVXapn+m4nQDvpzw==

nanoid@^3.3.12:
  version "3.3.15"
  resolved "https://registry.npmjs.org/nanoid/-/nanoid-3.3.15.tgz"
  integrity sha512-y7Wygv/7mEOvxTuEQDB8StXdMRBWf1kR/tlhAzBRUFkB2jfcLOAxO/SHmOO2zgz1pVgK29/kyupn059/bCHdjA==

node-releases@^2.0.48:
  version "2.0.48"
  resolved "https://registry.npmjs.org/node-releases/-/node-releases-2.0.48.tgz"
  integrity sha512-1uz8041X6LoI6ZSdZacM9lVY28vuzDlSKitnpbSNK0RfKoIJkX29NBPVEFXhnuSuEOA9Ww0xnPJ+ILWbGAv8DA==

path-parse@^1.0.7:
  version "1.0.7"
  resolved "https://registry.npmjs.org/path-parse/-/path-parse-1.0.7.tgz"
  integrity sha512-LDJzPVEEEPR+y48z93A0Ed0yXb8pAByGWo/k5YYdYgpY2/2EsOsksJrq7lOHxryrVOn1ejG6oAp8ahvOIQD8sw==

picocolors@^1.1.1:
  version "1.1.1"
  resolved "https://registry.npmjs.org/picocolors/-/picocolors-1.1.1.tgz"
  integrity sha512-xceH2snhtb5M9liqDsmEw56le376mTZkEX/jEb/RxNFyegNul7eNslCXP9FDj/Lcu0X8KEyMceP2ntpaHrDEVA==

pify@^2.3.0:
  version "2.3.0"
  resolved "https://registry.npmjs.org/pify/-/pify-2.3.0.tgz"
  integrity sha512-udgsAY+fTnvv7kI7aaxbqwWNb0AHiB0qBO89PZKPkoTmGOgdbrHDKD+0B2X4uTfJ/FT1R09r9gTsjUjNJotuog==

postcss-attribute-case-insensitive@^7.0.1:
  version "7.0.1"
  resolved "https://registry.npmjs.org/postcss-attribute-case-insensitive/-/postcss-attribute-case-insensitive-7.0.1.tgz"
  integrity sha512-Uai+SupNSqzlschRyNx3kbCTWgY/2hcwtHEI/ej2LJWc9JJ77qKgGptd8DHwY1mXtZ7Aoh4z4yxfwMBue9eNgw==
  dependencies:
    postcss-selector-parser "^7.0.0"

postcss-clamp@^4.1.0:
  version "4.1.0"
  resolved "https://registry.npmjs.org/postcss-clamp/-/postcss-clamp-4.1.0.tgz"
  integrity sha512-ry4b1Llo/9zz+PKC+030KUnPITTJAHeOwjfAyyB60eT0AorGLdzp52s31OsPRHRf8NchkgFoG2y6fCfn1IV1Ow==
  dependencies:
    postcss-value-parser "^4.2.0"

postcss-color-functional-notation@^7.0.12:
  version "7.0.12"
  resolved "https://registry.npmjs.org/postcss-color-functional-notation/-/postcss-color-functional-notation-7.0.12.tgz"
  integrity sha512-TLCW9fN5kvO/u38/uesdpbx3e8AkTYhMvDZYa9JpmImWuTE99bDQ7GU7hdOADIZsiI9/zuxfAJxny/khknp1Zw==
  dependencies:
    "@csstools/css-color-parser" "^3.1.0"
    "@csstools/css-parser-algorithms" "^3.0.5"
    "@csstools/css-tokenizer" "^3.0.4"
    "@csstools/postcss-progressive-custom-properties" "^4.2.1"
    "@csstools/utilities" "^2.0.0"

postcss-color-hex-alpha@^10.0.0:
  version "10.0.0"
  resolved "https://registry.npmjs.org/postcss-color-hex-alpha/-/postcss-color-hex-alpha-10.0.0.tgz"
  integrity sha512-1kervM2cnlgPs2a8Vt/Qbe5cQ++N7rkYo/2rz2BkqJZIHQwaVuJgQH38REHrAi4uM0b1fqxMkWYmese94iMp3w==
  dependencies:
    "@csstools/utilities" "^2.0.0"
    postcss-value-parser "^4.2.0"

postcss-color-rebeccapurple@^10.0.0:
  version "10.0.0"
  resolved "https://registry.npmjs.org/postcss-color-rebeccapurple/-/postcss-color-rebeccapurple-10.0.0.tgz"
  integrity sha512-JFta737jSP+hdAIEhk1Vs0q0YF5P8fFcj+09pweS8ktuGuZ8pPlykHsk6mPxZ8awDl4TrcxUqJo9l1IhVr/OjQ==
  dependencies:
    "@csstools/utilities" "^2.0.0"
    postcss-value-parser "^4.2.0"

postcss-custom-media@^11.0.6:
  version "11.0.6"
  resolved "https://registry.npmjs.org/postcss-custom-media/-/postcss-custom-media-11.0.6.tgz"
  integrity sha512-C4lD4b7mUIw+RZhtY7qUbf4eADmb7Ey8BFA2px9jUbwg7pjTZDl4KY4bvlUV+/vXQvzQRfiGEVJyAbtOsCMInw==
  dependencies:
    "@csstools/cascade-layer-name-parser" "^2.0.5"
    "@csstools/css-parser-algorithms" "^3.0.5"
    "@csstools/css-tokenizer" "^3.0.4"
    "@csstools/media-query-list-parser" "^4.0.3"

postcss-custom-properties@^14.0.6:
  version "14.0.6"
  resolved "https://registry.npmjs.org/postcss-custom-properties/-/postcss-custom-properties-14.0.6.tgz"
  integrity sha512-fTYSp3xuk4BUeVhxCSJdIPhDLpJfNakZKoiTDx7yRGCdlZrSJR7mWKVOBS4sBF+5poPQFMj2YdXx1VHItBGihQ==
  dependencies:
    "@csstools/cascade-layer-name-parser" "^2.0.5"
    "@csstools/css-parser-algorithms" "^3.0.5"
    "@csstools/css-tokenizer" "^3.0.4"
    "@csstools/utilities" "^2.0.0"
    postcss-value-parser "^4.2.0"

postcss-custom-selectors@^8.0.5:
  version "8.0.5"
  resolved "https://registry.npmjs.org/postcss-custom-selectors/-/postcss-custom-selectors-8.0.5.tgz"
  integrity sha512-9PGmckHQswiB2usSO6XMSswO2yFWVoCAuih1yl9FVcwkscLjRKjwsjM3t+NIWpSU2Jx3eOiK2+t4vVTQaoCHHg==
  dependencies:
    "@csstools/cascade-layer-name-parser" "^2.0.5"
    "@csstools/css-parser-algorithms" "^3.0.5"
    "@csstools/css-tokenizer" "^3.0.4"
    postcss-selector-parser "^7.0.0"

postcss-dir-pseudo-class@^9.0.1:
  version "9.0.1"
  resolved "https://registry.npmjs.org/postcss-dir-pseudo-class/-/postcss-dir-pseudo-class-9.0.1.tgz"
  integrity sha512-tRBEK0MHYvcMUrAuYMEOa0zg9APqirBcgzi6P21OhxtJyJADo/SWBwY1CAwEohQ/6HDaa9jCjLRG7K3PVQYHEA==
  dependencies:
    postcss-selector-parser "^7.0.0"

postcss-double-position-gradients@^6.0.4:
  version "6.0.4"
  resolved "https://registry.npmjs.org/postcss-double-position-gradients/-/postcss-double-position-gradients-6.0.4.tgz"
  integrity sha512-m6IKmxo7FxSP5nF2l63QbCC3r+bWpFUWmZXZf096WxG0m7Vl1Q1+ruFOhpdDRmKrRS+S3Jtk+TVk/7z0+BVK6g==
  dependencies:
    "@csstools/postcss-progressive-custom-properties" "^4.2.1"
    "@csstools/utilities" "^2.0.0"
    postcss-value-parser "^4.2.0"

postcss-flexbugs-fixes@^5.0.2:
  version "5.0.2"
  resolved "https://registry.npmjs.org/postcss-flexbugs-fixes/-/postcss-flexbugs-fixes-5.0.2.tgz"
  integrity sha512-18f9voByak7bTktR2QgDveglpn9DTbBWPUzSOe9g0N4WR/2eSt6Vrcbf0hmspvMI6YWGywz6B9f7jzpFNJJgnQ==

postcss-focus-visible@^10.0.1:
  version "10.0.1"
  resolved "https://registry.npmjs.org/postcss-focus-visible/-/postcss-focus-visible-10.0.1.tgz"
  integrity sha512-U58wyjS/I1GZgjRok33aE8juW9qQgQUNwTSdxQGuShHzwuYdcklnvK/+qOWX1Q9kr7ysbraQ6ht6r+udansalA==
  dependencies:
    postcss-selector-parser "^7.0.0"

postcss-focus-within@^9.0.1:
  version "9.0.1"
  resolved "https://registry.npmjs.org/postcss-focus-within/-/postcss-focus-within-9.0.1.tgz"
  integrity sha512-fzNUyS1yOYa7mOjpci/bR+u+ESvdar6hk8XNK/TRR0fiGTp2QT5N+ducP0n3rfH/m9I7H/EQU6lsa2BrgxkEjw==
  dependencies:
    postcss-selector-parser "^7.0.0"

postcss-font-variant@^5.0.0:
  version "5.0.0"
  resolved "https://registry.npmjs.org/postcss-font-variant/-/postcss-font-variant-5.0.0.tgz"
  integrity sha512-1fmkBaCALD72CK2a9i468mA/+tr9/1cBxRRMXOUaZqO43oWPR5imcyPjXwuv7PXbCid4ndlP5zWhidQVVa3hmA==

postcss-gap-properties@^6.0.0:
  version "6.0.0"
  resolved "https://registry.npmjs.org/postcss-gap-properties/-/postcss-gap-properties-6.0.0.tgz"
  integrity sha512-Om0WPjEwiM9Ru+VhfEDPZJAKWUd0mV1HmNXqp2C29z80aQ2uP9UVhLc7e3aYMIor/S5cVhoPgYQ7RtfeZpYTRw==

postcss-image-set-function@^7.0.0:
  version "7.0.0"
  resolved "https://registry.npmjs.org/postcss-image-set-function/-/postcss-image-set-function-7.0.0.tgz"
  integrity sha512-QL7W7QNlZuzOwBTeXEmbVckNt1FSmhQtbMRvGGqqU4Nf4xk6KUEQhAoWuMzwbSv5jxiRiSZ5Tv7eiDB9U87znA==
  dependencies:
    "@csstools/utilities" "^2.0.0"
    postcss-value-parser "^4.2.0"

postcss-import@^16.1.0:
  version "16.1.1"
  resolved "https://registry.npmjs.org/postcss-import/-/postcss-import-16.1.1.tgz"
  integrity sha512-2xVS1NCZAfjtVdvXiyegxzJ447GyqCeEI5V7ApgQVOWnros1p5lGNovJNapwPpMombyFBfqDwt7AD3n2l0KOfQ==
  dependencies:
    postcss-value-parser "^4.0.0"
    read-cache "^1.0.0"
    resolve "^1.1.7"

postcss-lab-function@^7.0.12:
  version "7.0.12"
  resolved "https://registry.npmjs.org/postcss-lab-function/-/postcss-lab-function-7.0.12.tgz"
  integrity sha512-tUcyRk1ZTPec3OuKFsqtRzW2Go5lehW29XA21lZ65XmzQkz43VY2tyWEC202F7W3mILOjw0voOiuxRGTsN+J9w==
  dependencies:
    "@csstools/css-color-parser" "^3.1.0"
    "@csstools/css-parser-algorithms" "^3.0.5"
    "@csstools/css-tokenizer" "^3.0.4"
    "@csstools/postcss-progressive-custom-properties" "^4.2.1"
    "@csstools/utilities" "^2.0.0"

postcss-load-config@^6.0.1:
  version "6.0.1"
  resolved "https://registry.npmjs.org/postcss-load-config/-/postcss-load-config-6.0.1.tgz"
  integrity sha512-oPtTM4oerL+UXmx+93ytZVN82RrlY/wPUV8IeDxFrzIjXOLF1pN+EmKPLbubvKHT2HC20xXsCAH2Z+CKV6Oz/g==
  dependencies:
    lilconfig "^3.1.1"

postcss-logical@^8.1.0:
  version "8.1.0"
  resolved "https://registry.npmjs.org/postcss-logical/-/postcss-logical-8.1.0.tgz"
  integrity sha512-pL1hXFQ2fEXNKiNiAgtfA005T9FBxky5zkX6s4GZM2D8RkVgRqz3f4g1JUoq925zXv495qk8UNldDwh8uGEDoA==
  dependencies:
    postcss-value-parser "^4.2.0"

postcss-nesting@^13.0.2:
  version "13.0.2"
  resolved "https://registry.npmjs.org/postcss-nesting/-/postcss-nesting-13.0.2.tgz"
  integrity sha512-1YCI290TX+VP0U/K/aFxzHzQWHWURL+CtHMSbex1lCdpXD1SoR2sYuxDu5aNI9lPoXpKTCggFZiDJbwylU0LEQ==
  dependencies:
    "@csstools/selector-resolve-nested" "^3.1.0"
    "@csstools/selector-specificity" "^5.0.0"
    postcss-selector-parser "^7.0.0"

postcss-opacity-percentage@^3.0.0:
  version "3.0.0"
  resolved "https://registry.npmjs.org/postcss-opacity-percentage/-/postcss-opacity-percentage-3.0.0.tgz"
  integrity sha512-K6HGVzyxUxd/VgZdX04DCtdwWJ4NGLG212US4/LA1TLAbHgmAsTWVR86o+gGIbFtnTkfOpb9sCRBx8K7HO66qQ==

postcss-overflow-shorthand@^6.0.0:
  version "6.0.0"
  resolved "https://registry.npmjs.org/postcss-overflow-shorthand/-/postcss-overflow-shorthand-6.0.0.tgz"
  integrity sha512-BdDl/AbVkDjoTofzDQnwDdm/Ym6oS9KgmO7Gr+LHYjNWJ6ExORe4+3pcLQsLA9gIROMkiGVjjwZNoL/mpXHd5Q==
  dependencies:
    postcss-value-parser "^4.2.0"

postcss-page-break@^3.0.4:
  version "3.0.4"
  resolved "https://registry.npmjs.org/postcss-page-break/-/postcss-page-break-3.0.4.tgz"
  integrity sha512-1JGu8oCjVXLa9q9rFTo4MbeeA5FMe00/9C7lN4va606Rdb+HkxXtXsmEDrIraQ11fGz/WvKWa8gMuCKkrXpTsQ==

postcss-place@^10.0.0:
  version "10.0.0"
  resolved "https://registry.npmjs.org/postcss-place/-/postcss-place-10.0.0.tgz"
  integrity sha512-5EBrMzat2pPAxQNWYavwAfoKfYcTADJ8AXGVPcUZ2UkNloUTWzJQExgrzrDkh3EKzmAx1evfTAzF9I8NGcc+qw==
  dependencies:
    postcss-value-parser "^4.2.0"

postcss-preset-env@^10.4.0:
  version "10.6.1"
  resolved "https://registry.npmjs.org/postcss-preset-env/-/postcss-preset-env-10.6.1.tgz"
  integrity sha512-yrk74d9EvY+W7+lO9Aj1QmjWY9q5NsKjK2V9drkOPZB/X6KZ0B3igKsHUYakb7oYVhnioWypQX3xGuePf89f3g==
  dependencies:
    "@csstools/postcss-alpha-function" "^1.0.1"
    "@csstools/postcss-cascade-layers" "^5.0.2"
    "@csstools/postcss-color-function" "^4.0.12"
    "@csstools/postcss-color-function-display-p3-linear" "^1.0.1"
    "@csstools/postcss-color-mix-function" "^3.0.12"
    "@csstools/postcss-color-mix-variadic-function-arguments" "^1.0.2"
    "@csstools/postcss-content-alt-text" "^2.0.8"
    "@csstools/postcss-contrast-color-function" "^2.0.12"
    "@csstools/postcss-exponential-functions" "^2.0.9"
    "@csstools/postcss-font-format-keywords" "^4.0.0"
    "@csstools/postcss-gamut-mapping" "^2.0.11"
    "@csstools/postcss-gradients-interpolation-method" "^5.0.12"
    "@csstools/postcss-hwb-function" "^4.0.12"
    "@csstools/postcss-ic-unit" "^4.0.4"
    "@csstools/postcss-initial" "^2.0.1"
    "@csstools/postcss-is-pseudo-class" "^5.0.3"
    "@csstools/postcss-light-dark-function" "^2.0.11"
    "@csstools/postcss-logical-float-and-clear" "^3.0.0"
    "@csstools/postcss-logical-overflow" "^2.0.0"
    "@csstools/postcss-logical-overscroll-behavior" "^2.0.0"
    "@csstools/postcss-logical-resize" "^3.0.0"
    "@csstools/postcss-logical-viewport-units" "^3.0.4"
    "@csstools/postcss-media-minmax" "^2.0.9"
    "@csstools/postcss-media-queries-aspect-ratio-number-values" "^3.0.5"
    "@csstools/postcss-nested-calc" "^4.0.0"
    "@csstools/postcss-normalize-display-values" "^4.0.1"
    "@csstools/postcss-oklab-function" "^4.0.12"
    "@csstools/postcss-position-area-property" "^1.0.0"
    "@csstools/postcss-progressive-custom-properties" "^4.2.1"
    "@csstools/postcss-property-rule-prelude-list" "^1.0.0"
    "@csstools/postcss-random-function" "^2.0.1"
    "@csstools/postcss-relative-color-syntax" "^3.0.12"
    "@csstools/postcss-scope-pseudo-class" "^4.0.1"
    "@csstools/postcss-sign-functions" "^1.1.4"
    "@csstools/postcss-stepped-value-functions" "^4.0.9"
    "@csstools/postcss-syntax-descriptor-syntax-production" "^1.0.1"
    "@csstools/postcss-system-ui-font-family" "^1.0.0"
    "@csstools/postcss-text-decoration-shorthand" "^4.0.3"
    "@csstools/postcss-trigonometric-functions" "^4.0.9"
    "@csstools/postcss-unset-value" "^4.0.0"
    autoprefixer "^10.4.23"
    browserslist "^4.28.1"
    css-blank-pseudo "^7.0.1"
    css-has-pseudo "^7.0.3"
    css-prefers-color-scheme "^10.0.0"
    cssdb "^8.6.0"
    postcss-attribute-case-insensitive "^7.0.1"
    postcss-clamp "^4.1.0"
    postcss-color-functional-notation "^7.0.12"
    postcss-color-hex-alpha "^10.0.0"
    postcss-color-rebeccapurple "^10.0.0"
    postcss-custom-media "^11.0.6"
    postcss-custom-properties "^14.0.6"
    postcss-custom-selectors "^8.0.5"
    postcss-dir-pseudo-class "^9.0.1"
    postcss-double-position-gradients "^6.0.4"
    postcss-focus-visible "^10.0.1"
    postcss-focus-within "^9.0.1"
    postcss-font-variant "^5.0.0"
    postcss-gap-properties "^6.0.0"
    postcss-image-set-function "^7.0.0"
    postcss-lab-function "^7.0.12"
    postcss-logical "^8.1.0"
    postcss-nesting "^13.0.2"
    postcss-opacity-percentage "^3.0.0"
    postcss-overflow-shorthand "^6.0.0"
    postcss-page-break "^3.0.4"
    postcss-place "^10.0.0"
    postcss-pseudo-class-any-link "^10.0.1"
    postcss-replace-overflow-wrap "^4.0.0"
    postcss-selector-not "^8.0.1"

postcss-pseudo-class-any-link@^10.0.1:
  version "10.0.1"
  resolved "https://registry.npmjs.org/postcss-pseudo-class-any-link/-/postcss-pseudo-class-any-link-10.0.1.tgz"
  integrity sha512-3el9rXlBOqTFaMFkWDOkHUTQekFIYnaQY55Rsp8As8QQkpiSgIYEcF/6Ond93oHiDsGb4kad8zjt+NPlOC1H0Q==
  dependencies:
    postcss-selector-parser "^7.0.0"

postcss-replace-overflow-wrap@^4.0.0:
  version "4.0.0"
  resolved "https://registry.npmjs.org/postcss-replace-overflow-wrap/-/postcss-replace-overflow-wrap-4.0.0.tgz"
  integrity sha512-KmF7SBPphT4gPPcKZc7aDkweHiKEEO8cla/GjcBK+ckKxiZslIu3C4GCRW3DNfL0o7yW7kMQu9xlZ1kXRXLXtw==

postcss-selector-not@^8.0.1:
  version "8.0.1"
  resolved "https://registry.npmjs.org/postcss-selector-not/-/postcss-selector-not-8.0.1.tgz"
  integrity sha512-kmVy/5PYVb2UOhy0+LqUYAhKj7DUGDpSWa5LZqlkWJaaAV+dxxsOG3+St0yNLu6vsKD7Dmqx+nWQt0iil89+WA==
  dependencies:
    postcss-selector-parser "^7.0.0"

postcss-selector-parser@^7.0.0:
  version "7.1.4"
  resolved "https://registry.npmjs.org/postcss-selector-parser/-/postcss-selector-parser-7.1.4.tgz"
  integrity sha512-HeP7D2wyhkR+XaK6v4W8oRF62Dsz4flyuczALJp61GckGm42u1saSSJ/0auvcBqxs3jMRFEcPK34At/0JBKdOg==
  dependencies:
    cssesc "^3.0.0"
    util-deprecate "^1.0.2"

postcss-value-parser@^4.0.0, postcss-value-parser@^4.2.0:
  version "4.2.0"
  resolved "https://registry.npmjs.org/postcss-value-parser/-/postcss-value-parser-4.2.0.tgz"
  integrity sha512-1NNCs6uurfkVbeXG4S8JFT9t19m45ICnif8zWLd5oPSZ50QnwMfK+H3jv408d4jw/7Bttv5axS5IiHoLaVNHeQ==

postcss@^8, postcss@^8.0.0, postcss@^8.0.3, postcss@^8.1.0, postcss@^8.1.4, postcss@^8.4, postcss@^8.4.6, postcss@^8.5.6, postcss@>=8.0.9:
  version "8.5.15"
  resolved "https://registry.npmjs.org/postcss/-/postcss-8.5.15.tgz"
  integrity sha512-FfR8sjd4em2T6fb3I2MwAJU7HWVMr9zba+enmQeeWFfCbm+UOC/0X4DS8XtpUTMwWMGbjKYP7xjfNekzyGmB3A==
  dependencies:
    nanoid "^3.3.12"
    picocolors "^1.1.1"
    source-map-js "^1.2.1"

read-cache@^1.0.0:
  version "1.0.0"
  resolved "https://registry.npmjs.org/read-cache/-/read-cache-1.0.0.tgz"
  integrity sha512-Owdv/Ft7IjOgm/i0xvNDZ1LrRANRfew4b2prF3OWMQLxLfu3bS8FVhCsrSCMK4lR56Y9ya+AThoTpDCTxCmpRA==
  dependencies:
    pify "^2.3.0"

resolve@^1.1.7:
  version "1.22.12"
  resolved "https://registry.npmjs.org/resolve/-/resolve-1.22.12.tgz"
  integrity sha512-TyeJ1zif53BPfHootBGwPRYT1RUt6oGWsaQr8UyZW/eAm9bKoijtvruSDEmZHm92CwS9nj7/fWttqPCgzep8CA==
  dependencies:
    es-errors "^1.3.0"
    is-core-module "^2.16.1"
    path-parse "^1.0.7"
    supports-preserve-symlinks-flag "^1.0.0"

source-map-js@^1.2.1:
  version "1.2.1"
  resolved "https://registry.npmjs.org/source-map-js/-/source-map-js-1.2.1.tgz"
  integrity sha512-UXWMKhLOwVKb728IUtQPXxfYU+usdybtUrK/8uGE8CQMvrhOpwvzDBwj0QhSL7MQc7vIsISBG8VQ8+IDQxpfQA==

supports-preserve-symlinks-flag@^1.0.0:
  version "1.0.0"
  resolved "https://registry.npmjs.org/supports-preserve-symlinks-flag/-/supports-preserve-symlinks-flag-1.0.0.tgz"
  integrity sha512-ot0WnXS9fgdkgIcePe6RHNk1WA8+muPa6cSjeR3V8K27q9BB1rTE3R1p7Hv0z1ZyAc8s6Vvv8DIyWf681MAt0w==

update-browserslist-db@^1.2.3:
  version "1.2.3"
  resolved "https://registry.npmjs.org/update-browserslist-db/-/update-browserslist-db-1.2.3.tgz"
  integrity sha512-Js0m9cx+qOgDxo0eMiFGEueWztz+d4+M3rGlmKPT+T4IS/jP4ylw3Nwpu6cpTTP8R1MAC1kF4VbdLt3ARf209w==
  dependencies:
    escalade "^3.2.0"
    picocolors "^1.1.1"

util-deprecate@^1.0.2:
  version "1.0.2"
  resolved "https://registry.npmjs.org/util-deprecate/-/util-deprecate-1.0.2.tgz"
  integrity sha512-EPD5q1uXyFxJpCrLnCc1nHnq3gOa6DZBocAIiI2TaSCA7VCJ1UJDMagCzIkXNsUYfD1daK//LTEQ8xiIbrHtcw==
